// !$*UTF8*$!
{
	archiveVersion = 1;
	classes = {
	};
	objectVersion = 55;
	objects = {

/* Begin PBXBuildFile section */
		7B9DC7A6289FB82C0076A2CC /* AppDelegate.swift in Sources */ = {isa = PBXBuildFile; fileRef = 7B9DC7A5289FB82C0076A2CC /* AppDelegate.swift */; };
		7B9DC7A8289FB82C0076A2CC /* SceneDelegate.swift in Sources */ = {isa = PBXBuildFile; fileRef = 7B9DC7A7289FB82C0076A2CC /* SceneDelegate.swift */; };
		7B9DC7AF289FB82E0076A2CC /* Assets.xcassets in Resources */ = {isa = PBXBuildFile; fileRef = 7B9DC7AE289FB82E0076A2CC /* Assets.xcassets */; };
		7B9DC7B2289FB82E0076A2CC /* LaunchScreen.storyboard in Resources */ = {isa = PBXBuildFile; fileRef = 7B9DC7B0289FB82E0076A2CC /* LaunchScreen.storyboard */; };
		7B9DC7BB289FC4F30076A2CC /* SnapKit in Frameworks */ = {isa = PBXBuildFile; productRef = 7B9DC7BA289FC4F30076A2CC /* SnapKit */; };
		7B9DC7BE289FC4FD0076A2CC /* Validator.swift in Sources */ = {isa = PBXBuildFile; fileRef = 7B9DC7BD289FC4FD0076A2CC /* Validator.swift */; };
		7B9DC7C4289FC5050076A2CC /* PaddingTextField.swift in Sources */ = {isa = PBXBuildFile; fileRef = 7B9DC7C0289FC5050076A2CC /* PaddingTextField.swift */; };
		7B9DC7C6289FC5050076A2CC /* LoginTextField.swift in Sources */ = {isa = PBXBuildFile; fileRef = 7B9DC7C2289FC5050076A2CC /* LoginTextField.swift */; };
		7B9DC7C7289FC5050076A2CC /* CircleImageView.swift in Sources */ = {isa = PBXBuildFile; fileRef = 7B9DC7C3289FC5050076A2CC /* CircleImageView.swift */; };
		7B9DC7CA289FC5080076A2CC /* LoginViewController.swift in Sources */ = {isa = PBXBuildFile; fileRef = 7B9DC7C9289FC5080076A2CC /* LoginViewController.swift */; };
		7B9DC7D2289FC50C0076A2CC /* UILabel + Init.swift in Sources */ = {isa = PBXBuildFile; fileRef = 7B9DC7CD289FC50C0076A2CC /* UILabel + Init.swift */; };
		7B9DC7D3289FC50C0076A2CC /* UIColor + Constants.swift in Sources */ = {isa = PBXBuildFile; fileRef = 7B9DC7CF289FC50C0076A2CC /* UIColor + Constants.swift */; };
		7B9DC7D4289FC50C0076A2CC /* UIView + Twitch.swift in Sources */ = {isa = PBXBuildFile; fileRef = 7B9DC7D1289FC50C0076A2CC /* UIView + Twitch.swift */; };
		7B9DC7D7289FC50F0076A2CC /* RepoCountView.swift in Sources */ = {isa = PBXBuildFile; fileRef = 7B9DC7D6289FC50F0076A2CC /* RepoCountView.swift */; };
		7B9DC7DB289FC5130076A2CC /* RepoCellCell.swift in Sources */ = {isa = PBXBuildFile; fileRef = 7B9DC7D9289FC5130076A2CC /* RepoCellCell.swift */; };
		7B9DC7DC289FC5130076A2CC /* RepoCellViewModel.swift in Sources */ = {isa = PBXBuildFile; fileRef = 7B9DC7DA289FC5130076A2CC /* RepoCellViewModel.swift */; };
		7B9DC7E1289FC62F0076A2CC /* GitHubApi.swift in Sources */ = {isa = PBXBuildFile; fileRef = 7B9DC7E0289FC62F0076A2CC /* GitHubApi.swift */; };
		7B9DC7E4289FC6F40076A2CC /* Alamofire in Frameworks */ = {isa = PBXBuildFile; productRef = 7B9DC7E3289FC6F40076A2CC /* Alamofire */; };
		7B9DC7E7289FCD890076A2CC /* RepoListInteractor.swift in Sources */ = {isa = PBXBuildFile; fileRef = 7B9DC7E6289FCD890076A2CC /* RepoListInteractor.swift */; };
		7B9DC7E9289FCD940076A2CC /* RepoListPresenter.swift in Sources */ = {isa = PBXBuildFile; fileRef = 7B9DC7E8289FCD940076A2CC /* RepoListPresenter.swift */; };
		7B9DC7EB289FCD9C0076A2CC /* RepoListRouter.swift in Sources */ = {isa = PBXBuildFile; fileRef = 7B9DC7EA289FCD9C0076A2CC /* RepoListRouter.swift */; };
		7B9DC7ED289FCDA20076A2CC /* RepoListViewController.swift in Sources */ = {isa = PBXBuildFile; fileRef = 7B9DC7EC289FCDA20076A2CC /* RepoListViewController.swift */; };
		7B9DC7EF289FCDAE0076A2CC /* RepoListConfigurator.swift in Sources */ = {isa = PBXBuildFile; fileRef = 7B9DC7EE289FCDAE0076A2CC /* RepoListConfigurator.swift */; };
		7B9DC7F1289FCDBD0076A2CC /* RepoListInterfaces.swift in Sources */ = {isa = PBXBuildFile; fileRef = 7B9DC7F0289FCDBD0076A2CC /* RepoListInterfaces.swift */; };
		7B9DC7F4289FE04E0076A2CC /* Kingfisher in Frameworks */ = {isa = PBXBuildFile; productRef = 7B9DC7F3289FE04E0076A2CC /* Kingfisher */; };
		7B9DC7F6289FE5F80076A2CC /* CollectionViewLayoutFactory.swift in Sources */ = {isa = PBXBuildFile; fileRef = 7B9DC7F5289FE5F80076A2CC /* CollectionViewLayoutFactory.swift */; };
		7B9DC7FA289FEB930076A2CC /* CommitsListView.swift in Sources */ = {isa = PBXBuildFile; fileRef = 7B9DC7F9289FEB930076A2CC /* CommitsListView.swift */; };
		7B9DC7FC289FEBFC0076A2CC /* CommitCellViewModel.swift in Sources */ = {isa = PBXBuildFile; fileRef = 7B9DC7FB289FEBFC0076A2CC /* CommitCellViewModel.swift */; };
		7B9DC7FF289FEC0B0076A2CC /* CommitCell.swift in Sources */ = {isa = PBXBuildFile; fileRef = 7B9DC7FE289FEC0B0076A2CC /* CommitCell.swift */; };
		7B9DC801289FF2560076A2CC /* MainNavigationController.swift in Sources */ = {isa = PBXBuildFile; fileRef = 7B9DC800289FF2560076A2CC /* MainNavigationController.swift */; };
		7B9DC80528A009AA0076A2CC /* Commit.swift in Sources */ = {isa = PBXBuildFile; fileRef = 7B9DC80428A009AA0076A2CC /* Commit.swift */; };
		7B9DC80728A009C40076A2CC /* CommitApiResponce.swift in Sources */ = {isa = PBXBuildFile; fileRef = 7B9DC80628A009C40076A2CC /* CommitApiResponce.swift */; };
		7B9DC80928A009D30076A2CC /* GitHubUser.swift in Sources */ = {isa = PBXBuildFile; fileRef = 7B9DC80828A009D20076A2CC /* GitHubUser.swift */; };
		7B9DC80B28A009E50076A2CC /* RepoOwner.swift in Sources */ = {isa = PBXBuildFile; fileRef = 7B9DC80A28A009E50076A2CC /* RepoOwner.swift */; };
		7B9DC80D28A00A040076A2CC /* CommitAuthor.swift in Sources */ = {isa = PBXBuildFile; fileRef = 7B9DC80C28A00A040076A2CC /* CommitAuthor.swift */; };
		7B9DC80F28A00A0D0076A2CC /* Repo.swift in Sources */ = {isa = PBXBuildFile; fileRef = 7B9DC80E28A00A0D0076A2CC /* Repo.swift */; };
		7B9DC81628A0CD220076A2CC /* OAuthSwift in Frameworks */ = {isa = PBXBuildFile; productRef = 7B9DC81528A0CD220076A2CC /* OAuthSwift */; };
		7B9DC81828A0EBB30076A2CC /* LoginViewRouter.swift in Sources */ = {isa = PBXBuildFile; fileRef = 7B9DC81728A0EBB30076A2CC /* LoginViewRouter.swift */; };
		7B9DC81B28A0F3510076A2CC /* AuthService.swift in Sources */ = {isa = PBXBuildFile; fileRef = 7B9DC81A28A0F3510076A2CC /* AuthService.swift */; };
		7B9DC81D28A106B10076A2CC /* LoginViewInteractor.swift in Sources */ = {isa = PBXBuildFile; fileRef = 7B9DC81C28A106B10076A2CC /* LoginViewInteractor.swift */; };
		7B9DC81F28A106BF0076A2CC /* LoginViewPresenter.swift in Sources */ = {isa = PBXBuildFile; fileRef = 7B9DC81E28A106BF0076A2CC /* LoginViewPresenter.swift */; };
		7B9DC82128A106D80076A2CC /* LoginViewConfigurator.swift in Sources */ = {isa = PBXBuildFile; fileRef = 7B9DC82028A106D80076A2CC /* LoginViewConfigurator.swift */; };
		7B9DC82328A106E30076A2CC /* LoginViewInterfaces.swift in Sources */ = {isa = PBXBuildFile; fileRef = 7B9DC82228A106E30076A2CC /* LoginViewInterfaces.swift */; };
		7B9DC82628A107A10076A2CC /* UIVIewController + UIAlertController.swift in Sources */ = {isa = PBXBuildFile; fileRef = 7B9DC82528A107A10076A2CC /* UIVIewController + UIAlertController.swift */; };
		7B9DC82B28A12A530076A2CC /* StorageService.swift in Sources */ = {isa = PBXBuildFile; fileRef = 7B9DC82A28A12A530076A2CC /* StorageService.swift */; };
/* End PBXBuildFile section */

/* Begin PBXFileReference section */
		7B9DC7A2289FB82C0076A2CC /* PocketGithub.app */ = {isa = PBXFileReference; explicitFileType = wrapper.application; includeInIndex = 0; path = PocketGithub.app; sourceTree = BUILT_PRODUCTS_DIR; };
		7B9DC7A5289FB82C0076A2CC /* AppDelegate.swift */ = {isa = PBXFileReference; lastKnownFileType = sourcecode.swift; path = AppDelegate.swift; sourceTree = "<group>"; };
		7B9DC7A7289FB82C0076A2CC /* SceneDelegate.swift */ = {isa = PBXFileReference; lastKnownFileType = sourcecode.swift; path = SceneDelegate.swift; sourceTree = "<group>"; };
		7B9DC7AE289FB82E0076A2CC /* Assets.xcassets */ = {isa = PBXFileReference; lastKnownFileType = folder.assetcatalog; path = Assets.xcassets; sourceTree = "<group>"; };
		7B9DC7B1289FB82E0076A2CC /* Base */ = {isa = PBXFileReference; lastKnownFileType = file.storyboard; name = Base; path = Base.lproj/LaunchScreen.storyboard; sourceTree = "<group>"; };
		7B9DC7B3289FB82E0076A2CC /* Info.plist */ = {isa = PBXFileReference; lastKnownFileType = text.plist.xml; path = Info.plist; sourceTree = "<group>"; };
		7B9DC7BD289FC4FD0076A2CC /* Validator.swift */ = {isa = PBXFileReference; fileEncoding = 4; lastKnownFileType = sourcecode.swift; path = Validator.swift; sourceTree = "<group>"; };
		7B9DC7C0289FC5050076A2CC /* PaddingTextField.swift */ = {isa = PBXFileReference; fileEncoding = 4; lastKnownFileType = sourcecode.swift; path = PaddingTextField.swift; sourceTree = "<group>"; };
		7B9DC7C2289FC5050076A2CC /* LoginTextField.swift */ = {isa = PBXFileReference; fileEncoding = 4; lastKnownFileType = sourcecode.swift; path = LoginTextField.swift; sourceTree = "<group>"; };
		7B9DC7C3289FC5050076A2CC /* CircleImageView.swift */ = {isa = PBXFileReference; fileEncoding = 4; lastKnownFileType = sourcecode.swift; path = CircleImageView.swift; sourceTree = "<group>"; };
		7B9DC7C9289FC5080076A2CC /* LoginViewController.swift */ = {isa = PBXFileReference; fileEncoding = 4; lastKnownFileType = sourcecode.swift; path = LoginViewController.swift; sourceTree = "<group>"; };
		7B9DC7CD289FC50C0076A2CC /* UILabel + Init.swift */ = {isa = PBXFileReference; fileEncoding = 4; lastKnownFileType = sourcecode.swift; path = "UILabel + Init.swift"; sourceTree = "<group>"; };
		7B9DC7CF289FC50C0076A2CC /* UIColor + Constants.swift */ = {isa = PBXFileReference; fileEncoding = 4; lastKnownFileType = sourcecode.swift; path = "UIColor + Constants.swift"; sourceTree = "<group>"; };
		7B9DC7D1289FC50C0076A2CC /* UIView + Twitch.swift */ = {isa = PBXFileReference; fileEncoding = 4; lastKnownFileType = sourcecode.swift; path = "UIView + Twitch.swift"; sourceTree = "<group>"; };
		7B9DC7D6289FC50F0076A2CC /* RepoCountView.swift */ = {isa = PBXFileReference; fileEncoding = 4; lastKnownFileType = sourcecode.swift; path = RepoCountView.swift; sourceTree = "<group>"; };
		7B9DC7D9289FC5130076A2CC /* RepoCellCell.swift */ = {isa = PBXFileReference; fileEncoding = 4; lastKnownFileType = sourcecode.swift; path = RepoCellCell.swift; sourceTree = "<group>"; };
		7B9DC7DA289FC5130076A2CC /* RepoCellViewModel.swift */ = {isa = PBXFileReference; fileEncoding = 4; lastKnownFileType = sourcecode.swift; path = RepoCellViewModel.swift; sourceTree = "<group>"; };
		7B9DC7E0289FC62F0076A2CC /* GitHubApi.swift */ = {isa = PBXFileReference; lastKnownFileType = sourcecode.swift; path = GitHubApi.swift; sourceTree = "<group>"; };
		7B9DC7E6289FCD890076A2CC /* RepoListInteractor.swift */ = {isa = PBXFileReference; lastKnownFileType = sourcecode.swift; path = RepoListInteractor.swift; sourceTree = "<group>"; };
		7B9DC7E8289FCD940076A2CC /* RepoListPresenter.swift */ = {isa = PBXFileReference; lastKnownFileType = sourcecode.swift; path = RepoListPresenter.swift; sourceTree = "<group>"; };
		7B9DC7EA289FCD9C0076A2CC /* RepoListRouter.swift */ = {isa = PBXFileReference; lastKnownFileType = sourcecode.swift; path = RepoListRouter.swift; sourceTree = "<group>"; };
		7B9DC7EC289FCDA20076A2CC /* RepoListViewController.swift */ = {isa = PBXFileReference; lastKnownFileType = sourcecode.swift; path = RepoListViewController.swift; sourceTree = "<group>"; };
		7B9DC7EE289FCDAE0076A2CC /* RepoListConfigurator.swift */ = {isa = PBXFileReference; lastKnownFileType = sourcecode.swift; path = RepoListConfigurator.swift; sourceTree = "<group>"; };
		7B9DC7F0289FCDBD0076A2CC /* RepoListInterfaces.swift */ = {isa = PBXFileReference; lastKnownFileType = sourcecode.swift; path = RepoListInterfaces.swift; sourceTree = "<group>"; };
		7B9DC7F5289FE5F80076A2CC /* CollectionViewLayoutFactory.swift */ = {isa = PBXFileReference; lastKnownFileType = sourcecode.swift; path = CollectionViewLayoutFactory.swift; sourceTree = "<group>"; };
		7B9DC7F9289FEB930076A2CC /* CommitsListView.swift */ = {isa = PBXFileReference; lastKnownFileType = sourcecode.swift; path = CommitsListView.swift; sourceTree = "<group>"; };
		7B9DC7FB289FEBFC0076A2CC /* CommitCellViewModel.swift */ = {isa = PBXFileReference; lastKnownFileType = sourcecode.swift; path = CommitCellViewModel.swift; sourceTree = "<group>"; };
		7B9DC7FE289FEC0B0076A2CC /* CommitCell.swift */ = {isa = PBXFileReference; lastKnownFileType = sourcecode.swift; path = CommitCell.swift; sourceTree = "<group>"; };
		7B9DC800289FF2560076A2CC /* MainNavigationController.swift */ = {isa = PBXFileReference; lastKnownFileType = sourcecode.swift; path = MainNavigationController.swift; sourceTree = "<group>"; };
		7B9DC80428A009AA0076A2CC /* Commit.swift */ = {isa = PBXFileReference; lastKnownFileType = sourcecode.swift; path = Commit.swift; sourceTree = "<group>"; };
		7B9DC80628A009C40076A2CC /* CommitApiResponce.swift */ = {isa = PBXFileReference; lastKnownFileType = sourcecode.swift; path = CommitApiResponce.swift; sourceTree = "<group>"; };
		7B9DC80828A009D20076A2CC /* GitHubUser.swift */ = {isa = PBXFileReference; lastKnownFileType = sourcecode.swift; path = GitHubUser.swift; sourceTree = "<group>"; };
		7B9DC80A28A009E50076A2CC /* RepoOwner.swift */ = {isa = PBXFileReference; lastKnownFileType = sourcecode.swift; path = RepoOwner.swift; sourceTree = "<group>"; };
		7B9DC80C28A00A040076A2CC /* CommitAuthor.swift */ = {isa = PBXFileReference; lastKnownFileType = sourcecode.swift; path = CommitAuthor.swift; sourceTree = "<group>"; };
		7B9DC80E28A00A0D0076A2CC /* Repo.swift */ = {isa = PBXFileReference; lastKnownFileType = sourcecode.swift; path = Repo.swift; sourceTree = "<group>"; };
		7B9DC81728A0EBB30076A2CC /* LoginViewRouter.swift */ = {isa = PBXFileReference; lastKnownFileType = sourcecode.swift; path = LoginViewRouter.swift; sourceTree = "<group>"; };
		7B9DC81A28A0F3510076A2CC /* AuthService.swift */ = {isa = PBXFileReference; lastKnownFileType = sourcecode.swift; path = AuthService.swift; sourceTree = "<group>"; };
		7B9DC81C28A106B10076A2CC /* LoginViewInteractor.swift */ = {isa = PBXFileReference; lastKnownFileType = sourcecode.swift; path = LoginViewInteractor.swift; sourceTree = "<group>"; };
		7B9DC81E28A106BF0076A2CC /* LoginViewPresenter.swift */ = {isa = PBXFileReference; lastKnownFileType = sourcecode.swift; path = LoginViewPresenter.swift; sourceTree = "<group>"; };
		7B9DC82028A106D80076A2CC /* LoginViewConfigurator.swift */ = {isa = PBXFileReference; lastKnownFileType = sourcecode.swift; path = LoginViewConfigurator.swift; sourceTree = "<group>"; };
		7B9DC82228A106E30076A2CC /* LoginViewInterfaces.swift */ = {isa = PBXFileReference; lastKnownFileType = sourcecode.swift; path = LoginViewInterfaces.swift; sourceTree = "<group>"; };
		7B9DC82528A107A10076A2CC /* UIVIewController + UIAlertController.swift */ = {isa = PBXFileReference; lastKnownFileType = sourcecode.swift; path = "UIVIewController + UIAlertController.swift"; sourceTree = "<group>"; };
		7B9DC82A28A12A530076A2CC /* StorageService.swift */ = {isa = PBXFileReference; lastKnownFileType = sourcecode.swift; path = StorageService.swift; sourceTree = "<group>"; };
/* End PBXFileReference section */

/* Begin PBXFrameworksBuildPhase section */
		7B9DC79F289FB82C0076A2CC /* Frameworks */ = {
			isa = PBXFrameworksBuildPhase;
			buildActionMask = 2147483647;
			files = (
				7B9DC81628A0CD220076A2CC /* OAuthSwift in Frameworks */,
				7B9DC7F4289FE04E0076A2CC /* Kingfisher in Frameworks */,
				7B9DC7BB289FC4F30076A2CC /* SnapKit in Frameworks */,
				7B9DC7E4289FC6F40076A2CC /* Alamofire in Frameworks */,
			);
			runOnlyForDeploymentPostprocessing = 0;
		};
/* End PBXFrameworksBuildPhase section */

/* Begin PBXGroup section */
		7B9DC799289FB82C0076A2CC = {
			isa = PBXGroup;
			children = (
				7B9DC7A4289FB82C0076A2CC /* PocketGithub */,
				7B9DC7A3289FB82C0076A2CC /* Products */,
			);
			sourceTree = "<group>";
		};
		7B9DC7A3289FB82C0076A2CC /* Products */ = {
			isa = PBXGroup;
			children = (
				7B9DC7A2289FB82C0076A2CC /* PocketGithub.app */,
			);
			name = Products;
			sourceTree = "<group>";
		};
		7B9DC7A4289FB82C0076A2CC /* PocketGithub */ = {
			isa = PBXGroup;
			children = (
				7B9DC81328A00A9A0076A2CC /* MainNavigationController */,
				7B9DC81228A00A8B0076A2CC /* LoginScreenModule */,
				7B9DC80328A0099F0076A2CC /* Model */,
				7B9DC7F8289FE6910076A2CC /* CommitsListModule */,
				7B9DC7E5289FCD600076A2CC /* RepoListModule */,
				7B9DC7DF289FC6230076A2CC /* Service */,
				7B9DC7CB289FC50C0076A2CC /* Extension */,
				7B9DC7C8289FC5080076A2CC /* Controllers */,
				7B9DC7BF289FC5050076A2CC /* VIew */,
				7B9DC7BC289FC4FD0076A2CC /* Helpers */,
				7B9DC7A5289FB82C0076A2CC /* AppDelegate.swift */,
				7B9DC7A7289FB82C0076A2CC /* SceneDelegate.swift */,
				7B9DC7AE289FB82E0076A2CC /* Assets.xcassets */,
				7B9DC7B0289FB82E0076A2CC /* LaunchScreen.storyboard */,
				7B9DC7B3289FB82E0076A2CC /* Info.plist */,
			);
			path = PocketGithub;
			sourceTree = "<group>";
		};
		7B9DC7BC289FC4FD0076A2CC /* Helpers */ = {
			isa = PBXGroup;
			children = (
				7B9DC7BD289FC4FD0076A2CC /* Validator.swift */,
			);
			path = Helpers;
			sourceTree = "<group>";
		};
		7B9DC7BF289FC5050076A2CC /* VIew */ = {
			isa = PBXGroup;
			children = (
				7B9DC7C0289FC5050076A2CC /* PaddingTextField.swift */,
				7B9DC7C2289FC5050076A2CC /* LoginTextField.swift */,
				7B9DC7C3289FC5050076A2CC /* CircleImageView.swift */,
			);
			path = VIew;
			sourceTree = "<group>";
		};
		7B9DC7C8289FC5080076A2CC /* Controllers */ = {
			isa = PBXGroup;
			children = (
			);
			path = Controllers;
			sourceTree = "<group>";
		};
		7B9DC7CB289FC50C0076A2CC /* Extension */ = {
			isa = PBXGroup;
			children = (
				7B9DC82428A107950076A2CC /* UIViewController */,
				7B9DC7CC289FC50C0076A2CC /* UILabel */,
				7B9DC7CE289FC50C0076A2CC /* UIColor */,
				7B9DC7D0289FC50C0076A2CC /* UIView */,
			);
			path = Extension;
			sourceTree = "<group>";
		};
		7B9DC7CC289FC50C0076A2CC /* UILabel */ = {
			isa = PBXGroup;
			children = (
				7B9DC7CD289FC50C0076A2CC /* UILabel + Init.swift */,
			);
			path = UILabel;
			sourceTree = "<group>";
		};
		7B9DC7CE289FC50C0076A2CC /* UIColor */ = {
			isa = PBXGroup;
			children = (
				7B9DC7CF289FC50C0076A2CC /* UIColor + Constants.swift */,
			);
			path = UIColor;
			sourceTree = "<group>";
		};
		7B9DC7D0289FC50C0076A2CC /* UIView */ = {
			isa = PBXGroup;
			children = (
				7B9DC7D1289FC50C0076A2CC /* UIView + Twitch.swift */,
			);
			path = UIView;
			sourceTree = "<group>";
		};
		7B9DC7D5289FC50F0076A2CC /* RepoCountView */ = {
			isa = PBXGroup;
			children = (
				7B9DC7D6289FC50F0076A2CC /* RepoCountView.swift */,
			);
			path = RepoCountView;
			sourceTree = "<group>";
		};
		7B9DC7D8289FC5130076A2CC /* RepoCell */ = {
			isa = PBXGroup;
			children = (
				7B9DC7D9289FC5130076A2CC /* RepoCellCell.swift */,
				7B9DC7DA289FC5130076A2CC /* RepoCellViewModel.swift */,
			);
			path = RepoCell;
			sourceTree = "<group>";
		};
		7B9DC7DF289FC6230076A2CC /* Service */ = {
			isa = PBXGroup;
			children = (
				7B9DC7E0289FC62F0076A2CC /* GitHubApi.swift */,
				7B9DC7F5289FE5F80076A2CC /* CollectionViewLayoutFactory.swift */,
				7B9DC81A28A0F3510076A2CC /* AuthService.swift */,
				7B9DC82A28A12A530076A2CC /* StorageService.swift */,
			);
			path = Service;
			sourceTree = "<group>";
		};
		7B9DC7E5289FCD600076A2CC /* RepoListModule */ = {
			isa = PBXGroup;
			children = (
				7B9DC7D5289FC50F0076A2CC /* RepoCountView */,
				7B9DC7D8289FC5130076A2CC /* RepoCell */,
				7B9DC7E6289FCD890076A2CC /* RepoListInteractor.swift */,
				7B9DC7E8289FCD940076A2CC /* RepoListPresenter.swift */,
				7B9DC7EA289FCD9C0076A2CC /* RepoListRouter.swift */,
				7B9DC7EC289FCDA20076A2CC /* RepoListViewController.swift */,
				7B9DC7EE289FCDAE0076A2CC /* RepoListConfigurator.swift */,
				7B9DC7F0289FCDBD0076A2CC /* RepoListInterfaces.swift */,
			);
			path = RepoListModule;
			sourceTree = "<group>";
		};
		7B9DC7F8289FE6910076A2CC /* CommitsListModule */ = {
			isa = PBXGroup;
			children = (
				7B9DC7FD289FEC010076A2CC /* CommitCell */,
				7B9DC7F9289FEB930076A2CC /* CommitsListView.swift */,
			);
			path = CommitsListModule;
			sourceTree = "<group>";
		};
		7B9DC7FD289FEC010076A2CC /* CommitCell */ = {
			isa = PBXGroup;
			children = (
				7B9DC7FB289FEBFC0076A2CC /* CommitCellViewModel.swift */,
				7B9DC7FE289FEC0B0076A2CC /* CommitCell.swift */,
			);
			path = CommitCell;
			sourceTree = "<group>";
		};
		7B9DC80328A0099F0076A2CC /* Model */ = {
			isa = PBXGroup;
			children = (
				7B9DC80428A009AA0076A2CC /* Commit.swift */,
				7B9DC80E28A00A0D0076A2CC /* Repo.swift */,
				7B9DC80628A009C40076A2CC /* CommitApiResponce.swift */,
				7B9DC80828A009D20076A2CC /* GitHubUser.swift */,
				7B9DC80A28A009E50076A2CC /* RepoOwner.swift */,
				7B9DC80C28A00A040076A2CC /* CommitAuthor.swift */,
			);
			path = Model;
			sourceTree = "<group>";
		};
		7B9DC81228A00A8B0076A2CC /* LoginScreenModule */ = {
			isa = PBXGroup;
			children = (
				7B9DC7C9289FC5080076A2CC /* LoginViewController.swift */,
				7B9DC81728A0EBB30076A2CC /* LoginViewRouter.swift */,
				7B9DC81C28A106B10076A2CC /* LoginViewInteractor.swift */,
				7B9DC81E28A106BF0076A2CC /* LoginViewPresenter.swift */,
				7B9DC82028A106D80076A2CC /* LoginViewConfigurator.swift */,
				7B9DC82228A106E30076A2CC /* LoginViewInterfaces.swift */,
			);
			path = LoginScreenModule;
			sourceTree = "<group>";
		};
		7B9DC81328A00A9A0076A2CC /* MainNavigationController */ = {
			isa = PBXGroup;
			children = (
				7B9DC800289FF2560076A2CC /* MainNavigationController.swift */,
			);
			path = MainNavigationController;
			sourceTree = "<group>";
		};
		7B9DC82428A107950076A2CC /* UIViewController */ = {
			isa = PBXGroup;
			children = (
				7B9DC82528A107A10076A2CC /* UIVIewController + UIAlertController.swift */,
			);
			path = UIViewController;
			sourceTree = "<group>";
		};
/* End PBXGroup section */

/* Begin PBXNativeTarget section */
		7B9DC7A1289FB82C0076A2CC /* PocketGithub */ = {
			isa = PBXNativeTarget;
			buildConfigurationList = 7B9DC7B6289FB82E0076A2CC /* Build configuration list for PBXNativeTarget "PocketGithub" */;
			buildPhases = (
				7B9DC79E289FB82C0076A2CC /* Sources */,
				7B9DC79F289FB82C0076A2CC /* Frameworks */,
				7B9DC7A0289FB82C0076A2CC /* Resources */,
			);
			buildRules = (
			);
			dependencies = (
			);
			name = PocketGithub;
			packageProductDependencies = (
				7B9DC7BA289FC4F30076A2CC /* SnapKit */,
				7B9DC7E3289FC6F40076A2CC /* Alamofire */,
				7B9DC7F3289FE04E0076A2CC /* Kingfisher */,
				7B9DC81528A0CD220076A2CC /* OAuthSwift */,
			);
			productName = PocketGithub;
			productReference = 7B9DC7A2289FB82C0076A2CC /* PocketGithub.app */;
			productType = "com.apple.product-type.application";
		};
/* End PBXNativeTarget section */

/* Begin PBXProject section */
		7B9DC79A289FB82C0076A2CC /* Project object */ = {
			isa = PBXProject;
			attributes = {
				BuildIndependentTargetsInParallel = 1;
				LastSwiftUpdateCheck = 1320;
				LastUpgradeCheck = 1320;
				TargetAttributes = {
					7B9DC7A1289FB82C0076A2CC = {
						CreatedOnToolsVersion = 13.2.1;
					};
				};
			};
			buildConfigurationList = 7B9DC79D289FB82C0076A2CC /* Build configuration list for PBXProject "PocketGithub" */;
			compatibilityVersion = "Xcode 13.0";
			developmentRegion = en;
			hasScannedForEncodings = 0;
			knownRegions = (
				en,
				Base,
			);
			mainGroup = 7B9DC799289FB82C0076A2CC;
			packageReferences = (
				7B9DC7B9289FC4F30076A2CC /* XCRemoteSwiftPackageReference "SnapKit" */,
				7B9DC7E2289FC6F40076A2CC /* XCRemoteSwiftPackageReference "Alamofire" */,
				7B9DC7F2289FE04E0076A2CC /* XCRemoteSwiftPackageReference "Kingfisher" */,
				7B9DC81428A0CD220076A2CC /* XCRemoteSwiftPackageReference "OAuthSwift" */,
			);
			productRefGroup = 7B9DC7A3289FB82C0076A2CC /* Products */;
			projectDirPath = "";
			projectRoot = "";
			targets = (
				7B9DC7A1289FB82C0076A2CC /* PocketGithub */,
			);
		};
/* End PBXProject section */

/* Begin PBXResourcesBuildPhase section */
		7B9DC7A0289FB82C0076A2CC /* Resources */ = {
			isa = PBXResourcesBuildPhase;
			buildActionMask = 2147483647;
			files = (
				7B9DC7B2289FB82E0076A2CC /* LaunchScreen.storyboard in Resources */,
				7B9DC7AF289FB82E0076A2CC /* Assets.xcassets in Resources */,
			);
			runOnlyForDeploymentPostprocessing = 0;
		};
/* End PBXResourcesBuildPhase section */

/* Begin PBXSourcesBuildPhase section */
		7B9DC79E289FB82C0076A2CC /* Sources */ = {
			isa = PBXSourcesBuildPhase;
			buildActionMask = 2147483647;
			files = (
				7B9DC7E7289FCD890076A2CC /* RepoListInteractor.swift in Sources */,
				7B9DC7DC289FC5130076A2CC /* RepoCellViewModel.swift in Sources */,
				7B9DC7D3289FC50C0076A2CC /* UIColor + Constants.swift in Sources */,
				7B9DC7CA289FC5080076A2CC /* LoginViewController.swift in Sources */,
				7B9DC7FF289FEC0B0076A2CC /* CommitCell.swift in Sources */,
				7B9DC82B28A12A530076A2CC /* StorageService.swift in Sources */,
				7B9DC7E9289FCD940076A2CC /* RepoListPresenter.swift in Sources */,
				7B9DC80928A009D30076A2CC /* GitHubUser.swift in Sources */,
				7B9DC7C7289FC5050076A2CC /* CircleImageView.swift in Sources */,
				7B9DC7D4289FC50C0076A2CC /* UIView + Twitch.swift in Sources */,
				7B9DC7D2289FC50C0076A2CC /* UILabel + Init.swift in Sources */,
				7B9DC80528A009AA0076A2CC /* Commit.swift in Sources */,
				7B9DC7BE289FC4FD0076A2CC /* Validator.swift in Sources */,
				7B9DC7ED289FCDA20076A2CC /* RepoListViewController.swift in Sources */,
				7B9DC7E1289FC62F0076A2CC /* GitHubApi.swift in Sources */,
				7B9DC81F28A106BF0076A2CC /* LoginViewPresenter.swift in Sources */,
				7B9DC81828A0EBB30076A2CC /* LoginViewRouter.swift in Sources */,
				7B9DC7F1289FCDBD0076A2CC /* RepoListInterfaces.swift in Sources */,
				7B9DC7A6289FB82C0076A2CC /* AppDelegate.swift in Sources */,
				7B9DC80728A009C40076A2CC /* CommitApiResponce.swift in Sources */,
				7B9DC7A8289FB82C0076A2CC /* SceneDelegate.swift in Sources */,
				7B9DC7D7289FC50F0076A2CC /* RepoCountView.swift in Sources */,
				7B9DC7C4289FC5050076A2CC /* PaddingTextField.swift in Sources */,
				7B9DC80B28A009E50076A2CC /* RepoOwner.swift in Sources */,
				7B9DC7FC289FEBFC0076A2CC /* CommitCellViewModel.swift in Sources */,
				7B9DC7F6289FE5F80076A2CC /* CollectionViewLayoutFactory.swift in Sources */,
				7B9DC82128A106D80076A2CC /* LoginViewConfigurator.swift in Sources */,
				7B9DC7FA289FEB930076A2CC /* CommitsListView.swift in Sources */,
				7B9DC81D28A106B10076A2CC /* LoginViewInteractor.swift in Sources */,
				7B9DC7C6289FC5050076A2CC /* LoginTextField.swift in Sources */,
				7B9DC7EB289FCD9C0076A2CC /* RepoListRouter.swift in Sources */,
				7B9DC80F28A00A0D0076A2CC /* Repo.swift in Sources */,
				7B9DC80D28A00A040076A2CC /* CommitAuthor.swift in Sources */,
				7B9DC7EF289FCDAE0076A2CC /* RepoListConfigurator.swift in Sources */,
				7B9DC82328A106E30076A2CC /* LoginViewInterfaces.swift in Sources */,
				7B9DC82628A107A10076A2CC /* UIVIewController + UIAlertController.swift in Sources */,
				7B9DC81B28A0F3510076A2CC /* AuthService.swift in Sources */,
				7B9DC801289FF2560076A2CC /* MainNavigationController.swift in Sources */,
				7B9DC7DB289FC5130076A2CC /* RepoCellCell.swift in Sources */,
			);
			runOnlyForDeploymentPostprocessing = 0;
		};
/* End PBXSourcesBuildPhase section */

/* Begin PBXVariantGroup section */
		7B9DC7B0289FB82E0076A2CC /* LaunchScreen.storyboard */ = {
			isa = PBXVariantGroup;
			children = (
				7B9DC7B1289FB82E0076A2CC /* Base */,
			);
			name = LaunchScreen.storyboard;
			sourceTree = "<group>";
		};
/* End PBXVariantGroup section */

/* Begin XCBuildConfiguration section */
		7B9DC7B4289FB82E0076A2CC /* Debug */ = {
			isa = XCBuildConfiguration;
			buildSettings = {
				ALWAYS_SEARCH_USER_PATHS = NO;
				CLANG_ANALYZER_NONNULL = YES;
				CLANG_ANALYZER_NUMBER_OBJECT_CONVERSION = YES_AGGRESSIVE;
				CLANG_CXX_LANGUAGE_STANDARD = "gnu++17";
				CLANG_CXX_LIBRARY = "libc++";
				CLANG_ENABLE_MODULES = YES;
				CLANG_ENABLE_OBJC_ARC = YES;
				CLANG_ENABLE_OBJC_WEAK = YES;
				CLANG_WARN_BLOCK_CAPTURE_AUTORELEASING = YES;
				CLANG_WARN_BOOL_CONVERSION = YES;
				CLANG_WARN_COMMA = YES;
				CLANG_WARN_CONSTANT_CONVERSION = YES;
				CLANG_WARN_DEPRECATED_OBJC_IMPLEMENTATIONS = YES;
				CLANG_WARN_DIRECT_OBJC_ISA_USAGE = YES_ERROR;
				CLANG_WARN_DOCUMENTATION_COMMENTS = YES;
				CLANG_WARN_EMPTY_BODY = YES;
				CLANG_WARN_ENUM_CONVERSION = YES;
				CLANG_WARN_INFINITE_RECURSION = YES;
				CLANG_WARN_INT_CONVERSION = YES;
				CLANG_WARN_NON_LITERAL_NULL_CONVERSION = YES;
				CLANG_WARN_OBJC_IMPLICIT_RETAIN_SELF = YES;
				CLANG_WARN_OBJC_LITERAL_CONVERSION = YES;
				CLANG_WARN_OBJC_ROOT_CLASS = YES_ERROR;
				CLANG_WARN_QUOTED_INCLUDE_IN_FRAMEWORK_HEADER = YES;
				CLANG_WARN_RANGE_LOOP_ANALYSIS = YES;
				CLANG_WARN_STRICT_PROTOTYPES = YES;
				CLANG_WARN_SUSPICIOUS_MOVE = YES;
				CLANG_WARN_UNGUARDED_AVAILABILITY = YES_AGGRESSIVE;
				CLANG_WARN_UNREACHABLE_CODE = YES;
				CLANG_WARN__DUPLICATE_METHOD_MATCH = YES;
				COPY_PHASE_STRIP = NO;
				DEBUG_INFORMATION_FORMAT = dwarf;
				ENABLE_STRICT_OBJC_MSGSEND = YES;
				ENABLE_TESTABILITY = YES;
				GCC_C_LANGUAGE_STANDARD = gnu11;
				GCC_DYNAMIC_NO_PIC = NO;
				GCC_NO_COMMON_BLOCKS = YES;
				GCC_OPTIMIZATION_LEVEL = 0;
				GCC_PREPROCESSOR_DEFINITIONS = (
					"DEBUG=1",
					"$(inherited)",
				);
				GCC_WARN_64_TO_32_BIT_CONVERSION = YES;
				GCC_WARN_ABOUT_RETURN_TYPE = YES_ERROR;
				GCC_WARN_UNDECLARED_SELECTOR = YES;
				GCC_WARN_UNINITIALIZED_AUTOS = YES_AGGRESSIVE;
				GCC_WARN_UNUSED_FUNCTION = YES;
				GCC_WARN_UNUSED_VARIABLE = YES;
				IPHONEOS_DEPLOYMENT_TARGET = 12.4;
				MTL_ENABLE_DEBUG_INFO = INCLUDE_SOURCE;
				MTL_FAST_MATH = YES;
				ONLY_ACTIVE_ARCH = YES;
				SDKROOT = iphoneos;
				SWIFT_ACTIVE_COMPILATION_CONDITIONS = DEBUG;
				SWIFT_OPTIMIZATION_LEVEL = "-Onone";
			};
			name = Debug;
		};
		7B9DC7B5289FB82E0076A2CC /* Release */ = {
			isa = XCBuildConfiguration;
			buildSettings = {
				ALWAYS_SEARCH_USER_PATHS = NO;
				CLANG_ANALYZER_NONNULL = YES;
				CLANG_ANALYZER_NUMBER_OBJECT_CONVERSION = YES_AGGRESSIVE;
				CLANG_CXX_LANGUAGE_STANDARD = "gnu++17";
				CLANG_CXX_LIBRARY = "libc++";
				CLANG_ENABLE_MODULES = YES;
				CLANG_ENABLE_OBJC_ARC = YES;
				CLANG_ENABLE_OBJC_WEAK = YES;
				CLANG_WARN_BLOCK_CAPTURE_AUTORELEASING = YES;
				CLANG_WARN_BOOL_CONVERSION = YES;
				CLANG_WARN_COMMA = YES;
				CLANG_WARN_CONSTANT_CONVERSION = YES;
				CLANG_WARN_DEPRECATED_OBJC_IMPLEMENTATIONS = YES;
				CLANG_WARN_DIRECT_OBJC_ISA_USAGE = YES_ERROR;
				CLANG_WARN_DOCUMENTATION_COMMENTS = YES;
				CLANG_WARN_EMPTY_BODY = YES;
				CLANG_WARN_ENUM_CONVERSION = YES;
				CLANG_WARN_INFINITE_RECURSION = YES;
				CLANG_WARN_INT_CONVERSION = YES;
				CLANG_WARN_NON_LITERAL_NULL_CONVERSION = YES;
				CLANG_WARN_OBJC_IMPLICIT_RETAIN_SELF = YES;
				CLANG_WARN_OBJC_LITERAL_CONVERSION = YES;
				CLANG_WARN_OBJC_ROOT_CLASS = YES_ERROR;
				CLANG_WARN_QUOTED_INCLUDE_IN_FRAMEWORK_HEADER = YES;
				CLANG_WARN_RANGE_LOOP_ANALYSIS = YES;
				CLANG_WARN_STRICT_PROTOTYPES = YES;
				CLANG_WARN_SUSPICIOUS_MOVE = YES;
				CLANG_WARN_UNGUARDED_AVAILABILITY = YES_AGGRESSIVE;
				CLANG_WARN_UNREACHABLE_CODE = YES;
				CLANG_WARN__DUPLICATE_METHOD_MATCH = YES;
				COPY_PHASE_STRIP = NO;
				DEBUG_INFORMATION_FORMAT = "dwarf-with-dsym";
				ENABLE_NS_ASSERTIONS = NO;
				ENABLE_STRICT_OBJC_MSGSEND = YES;
				GCC_C_LANGUAGE_STANDARD = gnu11;
				GCC_NO_COMMON_BLOCKS = YES;
				GCC_WARN_64_TO_32_BIT_CONVERSION = YES;
				GCC_WARN_ABOUT_RETURN_TYPE = YES_ERROR;
				GCC_WARN_UNDECLARED_SELECTOR = YES;
				GCC_WARN_UNINITIALIZED_AUTOS = YES_AGGRESSIVE;
				GCC_WARN_UNUSED_FUNCTION = YES;
				GCC_WARN_UNUSED_VARIABLE = YES;
				IPHONEOS_DEPLOYMENT_TARGET = 12.4;
				MTL_ENABLE_DEBUG_INFO = NO;
				MTL_FAST_MATH = YES;
				SDKROOT = iphoneos;
				SWIFT_COMPILATION_MODE = wholemodule;
				SWIFT_OPTIMIZATION_LEVEL = "-O";
				VALIDATE_PRODUCT = YES;
			};
			name = Release;
		};
		7B9DC7B7289FB82E0076A2CC /* Debug */ = {
			isa = XCBuildConfiguration;
			buildSettings = {
				ASSETCATALOG_COMPILER_APPICON_NAME = AppIcon;
				ASSETCATALOG_COMPILER_GLOBAL_ACCENT_COLOR_NAME = AccentColor;
				CODE_SIGN_STYLE = Automatic;
				CURRENT_PROJECT_VERSION = 1;
				DEVELOPMENT_TEAM = KLZTQ9HHAP;
				GENERATE_INFOPLIST_FILE = YES;
				INFOPLIST_FILE = PocketGithub/Info.plist;
				INFOPLIST_KEY_UIApplicationSupportsIndirectInputEvents = YES;
				INFOPLIST_KEY_UILaunchStoryboardName = LaunchScreen;
				INFOPLIST_KEY_UISupportedInterfaceOrientations_iPad = "UIInterfaceOrientationPortrait UIInterfaceOrientationPortraitUpsideDown UIInterfaceOrientationLandscapeLeft UIInterfaceOrientationLandscapeRight";
				INFOPLIST_KEY_UISupportedInterfaceOrientations_iPhone = "UIInterfaceOrientationPortrait UIInterfaceOrientationLandscapeLeft UIInterfaceOrientationLandscapeRight";
				IPHONEOS_DEPLOYMENT_TARGET = 12.4;
				LD_RUNPATH_SEARCH_PATHS = (
					"$(inherited)",
					"@executable_path/Frameworks",
				);
				MARKETING_VERSION = 1.0;
				PRODUCT_BUNDLE_IDENTIFIER = timrez.PocketGithub;
				PRODUCT_NAME = "$(TARGET_NAME)";
				SWIFT_EMIT_LOC_STRINGS = YES;
				SWIFT_VERSION = 5.0;
				TARGETED_DEVICE_FAMILY = "1,2";
			};
			name = Debug;
		};
		7B9DC7B8289FB82E0076A2CC /* Release */ = {
			isa = XCBuildConfiguration;
			buildSettings = {
				ASSETCATALOG_COMPILER_APPICON_NAME = AppIcon;
				ASSETCATALOG_COMPILER_GLOBAL_ACCENT_COLOR_NAME = AccentColor;
				CODE_SIGN_STYLE = Automatic;
				CURRENT_PROJECT_VERSION = 1;
				DEVELOPMENT_TEAM = KLZTQ9HHAP;
				GENERATE_INFOPLIST_FILE = YES;
				INFOPLIST_FILE = PocketGithub/Info.plist;
				INFOPLIST_KEY_UIApplicationSupportsIndirectInputEvents = YES;
				INFOPLIST_KEY_UILaunchStoryboardName = LaunchScreen;
				INFOPLIST_KEY_UISupportedInterfaceOrientations_iPad = "UIInterfaceOrientationPortrait UIInterfaceOrientationPortraitUpsideDown UIInterfaceOrientationLandscapeLeft UIInterfaceOrientationLandscapeRight";
				INFOPLIST_KEY_UISupportedInterfaceOrientations_iPhone = "UIInterfaceOrientationPortrait UIInterfaceOrientationLandscapeLeft UIInterfaceOrientationLandscapeRight";
				IPHONEOS_DEPLOYMENT_TARGET = 12.4;
				LD_RUNPATH_SEARCH_PATHS = (
					"$(inherited)",
					"@executable_path/Frameworks",
				);
				MARKETING_VERSION = 1.0;
				PRODUCT_BUNDLE_IDENTIFIER = timrez.PocketGithub;
				PRODUCT_NAME = "$(TARGET_NAME)";
				SWIFT_EMIT_LOC_STRINGS = YES;
				SWIFT_VERSION = 5.0;
				TARGETED_DEVICE_FAMILY = "1,2";
			};
			name = Release;
		};
/* End XCBuildConfiguration section */

/* Begin XCConfigurationList section */
		7B9DC79D289FB82C0076A2CC /* Build configuration list for PBXProject "PocketGithub" */ = {
			isa = XCConfigurationList;
			buildConfigurations = (
				7B9DC7B4289FB82E0076A2CC /* Debug */,
				7B9DC7B5289FB82E0076A2CC /* Release */,
			);
			defaultConfigurationIsVisible = 0;
			defaultConfigurationName = Release;
		};
		7B9DC7B6289FB82E0076A2CC /* Build configuration list for PBXNativeTarget "PocketGithub" */ = {
			isa = XCConfigurationList;
			buildConfigurations = (
				7B9DC7B7289FB82E0076A2CC /* Debug */,
				7B9DC7B8289FB82E0076A2CC /* Release */,
			);
			defaultConfigurationIsVisible = 0;
			defaultConfigurationName = Release;
		};
/* End XCConfigurationList section */

/* Begin XCRemoteSwiftPackageReference section */
		7B9DC7B9289FC4F30076A2CC /* XCRemoteSwiftPackageReference "SnapKit" */ = {
			isa = XCRemoteSwiftPackageReference;
			repositoryURL = "https://github.com/SnapKit/SnapKit";
			requirement = {
				kind = upToNextMajorVersion;
				minimumVersion = 5.0.0;
			};
		};
		7B9DC7E2289FC6F40076A2CC /* XCRemoteSwiftPackageReference "Alamofire" */ = {
			isa = XCRemoteSwiftPackageReference;
			repositoryURL = "https://github.com/Alamofire/Alamofire";
			requirement = {
				kind = upToNextMajorVersion;
				minimumVersion = 5.0.0;
			};
		};
		7B9DC7F2289FE04E0076A2CC /* XCRemoteSwiftPackageReference "Kingfisher" */ = {
			isa = XCRemoteSwiftPackageReference;
			repositoryURL = "https://github.com/onevcat/Kingfisher";
			requirement = {
				branch = master;
				kind = branch;
			};
		};
		7B9DC81428A0CD220076A2CC /* XCRemoteSwiftPackageReference "OAuthSwift" */ = {
			isa = XCRemoteSwiftPackageReference;
			repositoryURL = "https://github.com/OAuthSwift/OAuthSwift";
			requirement = {
				kind = upToNextMajorVersion;
				minimumVersion = 2.0.0;
			};
		};
/* End XCRemoteSwiftPackageReference section */

/* Begin XCSwiftPackageProductDependency section */
		7B9DC7BA289FC4F30076A2CC /* SnapKit */ = {
			isa = XCSwiftPackageProductDependency;
			package = 7B9DC7B9289FC4F30076A2CC /* XCRemoteSwiftPackageReference "SnapKit" */;
			productName = SnapKit;
		};
		7B9DC7E3289FC6F40076A2CC /* Alamofire */ = {
			isa = XCSwiftPackageProductDependency;
			package = 7B9DC7E2289FC6F40076A2CC /* XCRemoteSwiftPackageReference "Alamofire" */;
			productName = Alamofire;
		};
		7B9DC7F3289FE04E0076A2CC /* Kingfisher */ = {
			isa = XCSwiftPackageProductDependency;
			package = 7B9DC7F2289FE04E0076A2CC /* XCRemoteSwiftPackageReference "Kingfisher" */;
			productName = Kingfisher;
		};
		7B9DC81528A0CD220076A2CC /* OAuthSwift */ = {
			isa = XCSwiftPackageProductDependency;
			package = 7B9DC81428A0CD220076A2CC /* XCRemoteSwiftPackageReference "OAuthSwift" */;
			productName = OAuthSwift;
		};
/* End XCSwiftPackageProductDependency section */
	};
	rootObject = 7B9DC79A289FB82C0076A2CC /* Project object */;
}
